
Microsoft Visual Studio Solution File, Format Version 12.00
# Visual Studio Version 16
VisualStudioVersion = 16.0.30011.22
MinimumVisualStudioVersion = 15.0.26124.0
Project("{2150E333-8FDC-42A3-9474-1A3956D46DE8}") = "Sources", "Sources", "{8C399723-4385-44B9-AB6E-BD783E8A382A}"
EndProject
Project("{9A19103F-16F7-4668-BE54-9A1E7A4F7556}") = "DfuConvLib", "Sources\DfuConvLib\DfuConvLib.csproj", "{C44B365D-64F4-4911-9738-648FDD69A3FF}"
EndProject
Project("{9A19103F-16F7-4668-BE54-9A1E7A4F7556}") = "DfuConvLib.Tests", "Sources\DfuConvLib.Tests\DfuConvLib.Tests.csproj", "{56934EB8-2AEC-4D04-8963-FEA9A04FC4B7}"
EndProject
Project("{9A19103F-16F7-4668-BE54-9A1E7A4F7556}") = "DfuToolCli", "Sources\DfuToolCli\DfuToolCli.csproj", "{C721031A-5DE3-4538-91F7-0CB8EE1B10D6}"
EndProject
Project("{9A19103F-16F7-4668-BE54-9A1E7A4F7556}") = "DfuToolCli.Tests", "Sources\DfuToolCli.Tests\DfuToolCli.Tests.csproj", "{DECF69A6-3708-4BB2-BE6C-775A4405868F}"
EndProject
Global
	GlobalSection(SolutionConfigurationPlatforms) = preSolution
		Debug|Any CPU = Debug|Any CPU
		Release|Any CPU = Release|Any CPU
	EndGlobalSection
	GlobalSection(ProjectConfigurationPlatforms) = postSolution
		{C44B365D-64F4-4911-9738-648FDD69A3FF}.Debug|Any CPU.ActiveCfg = Debug|Any CPU
		{C44B365D-64F4-4911-9738-648FDD69A3FF}.Debug|Any CPU.Build.0 = Debug|Any CPU
		{C44B365D-64F4-4911-9738-648FDD69A3FF}.Release|Any CPU.ActiveCfg = Release|Any CPU
		{C44B365D-64F4-4911-9738-648FDD69A3FF}.Release|Any CPU.Build.0 = Release|Any CPU
		{56934EB8-2AEC-4D04-8963-FEA9A04FC4B7}.Debug|Any CPU.ActiveCfg = Debug|Any CPU
		{56934EB8-2AEC-4D04-8963-FEA9A04FC4B7}.Debug|Any CPU.Build.0 = Debug|Any CPU
		{56934EB8-2AEC-4D04-8963-FEA9A04FC4B7}.Release|Any CPU.ActiveCfg = Release|Any CPU
		{56934EB8-2AEC-4D04-8963-FEA9A04FC4B7}.Release|Any CPU.Build.0 = Release|Any CPU
		{C721031A-5DE3-4538-91F7-0CB8EE1B10D6}.Debug|Any CPU.ActiveCfg = Debug|Any CPU
		{C721031A-5DE3-4538-91F7-0CB8EE1B10D6}.Debug|Any CPU.Build.0 = Debug|Any CPU
		{C721031A-5DE3-4538-91F7-0CB8EE1B10D6}.Release|Any CPU.ActiveCfg = Release|Any CPU
		{C721031A-5DE3-4538-91F7-0CB8EE1B10D6}.Release|Any CPU.Build.0 = Release|Any CPU
		{DECF69A6-3708-4BB2-BE6C-775A4405868F}.Debug|Any CPU.ActiveCfg = Debug|Any CPU
		{DECF69A6-3708-4BB2-BE6C-775A4405868F}.Debug|Any CPU.Build.0 = Debug|Any CPU
		{DECF69A6-3708-4BB2-BE6C-775A4405868F}.Release|Any CPU.ActiveCfg = Release|Any CPU
		{DECF69A6-3708-4BB2-BE6C-775A4405868F}.Release|Any CPU.Build.0 = Release|Any CPU
	EndGlobalSection
	GlobalSection(SolutionProperties) = preSolution
		HideSolutionNode = FALSE
	EndGlobalSection
	GlobalSection(NestedProjects) = preSolution
		{C44B365D-64F4-4911-9738-648FDD69A3FF} = {8C399723-4385-44B9-AB6E-BD783E8A382A}
		{56934EB8-2AEC-4D04-8963-FEA9A04FC4B7} = {8C399723-4385-44B9-AB6E-BD783E8A382A}
		{C721031A-5DE3-4538-91F7-0CB8EE1B10D6} = {8C399723-4385-44B9-AB6E-BD783E8A382A}
		{DECF69A6-3708-4BB2-BE6C-775A4405868F} = {8C399723-4385-44B9-AB6E-BD783E8A382A}
	EndGlobalSection
	GlobalSection(ExtensibilityGlobals) = postSolution
		SolutionGuid = {11C50B46-8B02-4A5A-8F91-8D1B786124EA}
	EndGlobalSection
EndGlobal
