
Microsoft Visual Studio Solution File, Format Version 12.00
# Visual Studio 15
VisualStudioVersion = 15.0.26124.0
MinimumVisualStudioVersion = 15.0.26124.0
Project("{2150E333-8FDC-42A3-9474-1A3956D46DE8}") = "Sources", "Sources", "{8C399723-4385-44B9-AB6E-BD783E8A382A}"
EndProject
Project("{FAE04EC0-301F-11D3-BF4B-00C04F79EFBC}") = "DfuConvLib", "Sources\DfuConvLib\DfuConvLib.csproj", "{C44B365D-64F4-4911-9738-648FDD69A3FF}"
EndProject
Project("{FAE04EC0-301F-11D3-BF4B-00C04F79EFBC}") = "DfuConvLib.Tests", "Sources\DfuConvLib.Tests\DfuConvLib.Tests.csproj", "{56934EB8-2AEC-4D04-8963-FEA9A04FC4B7}"
EndProject
Global
	GlobalSection(SolutionConfigurationPlatforms) = preSolution
		Debug|Any CPU = Debug|Any CPU
		Release|Any CPU = Release|Any CPU
	EndGlobalSection
	GlobalSection(SolutionProperties) = preSolution
		HideSolutionNode = FALSE
	EndGlobalSection
	GlobalSection(ProjectConfigurationPlatforms) = postSolution
		{C44B365D-64F4-4911-9738-648FDD69A3FF}.Debug|Any CPU.ActiveCfg = Debug|Any CPU
		{C44B365D-64F4-4911-9738-648FDD69A3FF}.Debug|Any CPU.Build.0 = Debug|Any CPU
		{C44B365D-64F4-4911-9738-648FDD69A3FF}.Release|Any CPU.ActiveCfg = Release|Any CPU
		{C44B365D-64F4-4911-9738-648FDD69A3FF}.Release|Any CPU.Build.0 = Release|Any CPU
		{56934EB8-2AEC-4D04-8963-FEA9A04FC4B7}.Debug|Any CPU.ActiveCfg = Debug|Any CPU
		{56934EB8-2AEC-4D04-8963-FEA9A04FC4B7}.Debug|Any CPU.Build.0 = Debug|Any CPU
		{56934EB8-2AEC-4D04-8963-FEA9A04FC4B7}.Release|Any CPU.ActiveCfg = Release|Any CPU
		{56934EB8-2AEC-4D04-8963-FEA9A04FC4B7}.Release|Any CPU.Build.0 = Release|Any CPU
	EndGlobalSection
	GlobalSection(NestedProjects) = preSolution
		{C44B365D-64F4-4911-9738-648FDD69A3FF} = {8C399723-4385-44B9-AB6E-BD783E8A382A}
		{56934EB8-2AEC-4D04-8963-FEA9A04FC4B7} = {8C399723-4385-44B9-AB6E-BD783E8A382A}
	EndGlobalSection
EndGlobal
